{
  "object": {
    "pins": [
      {
        "package": "Kingfisher",
        "repositoryURL": "https://github.com/onevcat/Kingfisher.git",
        "state": {
          "branch": "master",
          "revision": "2235a22ca249199cb736237f4bb9cc12b6ed416a",
          "version": null
        }
      },
      {
        "package": "Reusable",
        "repositoryURL": "https://github.com/AliSoftware/Reusable.git",
        "state": {
          "branch": "main",
          "revision": "85e8ef7b2441433ffed2fc8cf4942961b70a83f6",
          "version": null
        }
      }
    ]
  },
  "version": 1
}
